
Microsoft Visual Studio Solution File, Format Version 12.00
# Visual Studio Version 17
VisualStudioVersion = 17.9.34728.123
MinimumVisualStudioVersion = 10.0.40219.1
Project("{FAE04EC0-301F-11D3-BF4B-00C04F79EFBC}") = "Homework_Delegati", "Homework_Delegati.csproj", "{4510F669-F02F-42E7-BD50-BAF13FCF426C}"
EndProject
Global
	GlobalSection(SolutionConfigurationPlatforms) = preSolution
		Debug|Any CPU = Debug|Any CPU
		Release|Any CPU = Release|Any CPU
	EndGlobalSection
	GlobalSection(ProjectConfigurationPlatforms) = postSolution
		{4510F669-F02F-42E7-BD50-BAF13FCF426C}.Debug|Any CPU.ActiveCfg = Debug|Any CPU
		{4510F669-F02F-42E7-BD50-BAF13FCF426C}.Debug|Any CPU.Build.0 = Debug|Any CPU
		{4510F669-F02F-42E7-BD50-BAF13FCF426C}.Release|Any CPU.ActiveCfg = Release|Any CPU
		{4510F669-F02F-42E7-BD50-BAF13FCF426C}.Release|Any CPU.Build.0 = Release|Any CPU
	EndGlobalSection
	GlobalSection(SolutionProperties) = preSolution
		HideSolutionNode = FALSE
	EndGlobalSection
	GlobalSection(ExtensibilityGlobals) = postSolution
		SolutionGuid = {F22866DE-8D2E-44BA-A5AC-C36CC73DE9D9}
	EndGlobalSection
EndGlobal
